<?xml version="1.0" encoding="utf-8"?>
<Project xmlns="http://schemas.microsoft.com/developer/msbuild/2003" ToolsVersion="4.0">
  <ItemGroup>
    <Filter Include="source">
      <UniqueIdentifier>{B6725D97-36CB-49FF-8708-324A53CFFC4D}</UniqueIdentifier>
    </Filter>
    <Filter Include="source\core">
      <UniqueIdentifier>{C3D12AF1-54CE-4303-9207-246487EC8420}</UniqueIdentifier>
    </Filter>
    <Filter Include="source\core\apps">
      <UniqueIdentifier>{CCEAF05C-C360-45B0-AAB9-730AEE678091}</UniqueIdentifier>
    </Filter>
    <Filter Include="source\core\providers">
      <UniqueIdentifier>{E46D9DE7-D021-4054-B404-272A6BF3EBF4}</UniqueIdentifier>
    </Filter>
    <Filter Include="source\core\resources">
      <UniqueIdentifier>{11037F57-5169-42F4-93D6-448C07923AAD}</UniqueIdentifier>
    </Filter>
    <Filter Include="source\sandbox">
      <UniqueIdentifier>{FC76175B-F7B0-44FB-9FED-F8E18D16DD15}</UniqueIdentifier>
    </Filter>
    <Filter Include="source\sandbox\providers">
      <UniqueIdentifier>{FF4BC45A-9225-47CE-BA9B-BFC6D76B24D8}</UniqueIdentifier>
    </Filter>
    <Filter Include="vendor">
      <UniqueIdentifier>{58E36F61-9D70-447B-838B-DDA5A1B4C90A}</UniqueIdentifier>
    </Filter>
    <Filter Include="vendor\imgui">
      <UniqueIdentifier>{C09DD4C0-34DD-49A4-B296-18759C9FF2A6}</UniqueIdentifier>
    </Filter>
    <Filter Include="vendor\imgui\backends">
      <UniqueIdentifier>{2D826707-977D-4DFD-B1FC-E46987F51E20}</UniqueIdentifier>
    </Filter>
    <Filter Include="vendor\fontawesome">
      <UniqueIdentifier>{0CE21B54-3A3A-4728-AE9E-91775BEA680A}</UniqueIdentifier>
    </Filter>
    <Filter Include="assets">
      <UniqueIdentifier>{24e53048-e6f4-4ee2-ac92-894ea176f5cb}</UniqueIdentifier>
    </Filter>
    <Filter Include="assets\avatar">
      <UniqueIdentifier>{f913e505-48da-40cb-960e-9bbb0072d27a}</UniqueIdentifier>
    </Filter>
    <Filter Include="assets\wallpaper">
      <UniqueIdentifier>{0cd6efa1-2801-47bd-9d88-2253087d7e8c}</UniqueIdentifier>
    </Filter>
  </ItemGroup>
  <ItemGroup>
    <ClCompile Include="source\sandbox\SandboxMain.cpp">
      <Filter>source\sandbox</Filter>
    </ClCompile>
    <ClCompile Include="source\core\Phone.cpp">
      <Filter>source\core</Filter>
    </ClCompile>
    <ClCompile Include="source\core\stb_image.cpp">
      <Filter>source\core</Filter>
    </ClCompile>
    <ClCompile Include="source\core\PhoneStorage.cpp">
      <Filter>source\core</Filter>
    </ClCompile>
    <ClCompile Include="source\core\apps\CalculatorApp.cpp">
      <Filter>source\core\apps</Filter>
    </ClCompile>
    <ClCompile Include="source\core\apps\ClockApp.cpp">
      <Filter>source\core\apps</Filter>
    </ClCompile>
    <ClCompile Include="source\core\apps\WeatherApp.cpp">
      <Filter>source\core\apps</Filter>
    </ClCompile>
    <ClCompile Include="source\core\apps\NotesApp.cpp">
      <Filter>source\core\apps</Filter>
    </ClCompile>
    <ClCompile Include="source\core\apps\SettingsApp.cpp">
      <Filter>source\core\apps</Filter>
    </ClCompile>
    <ClCompile Include="source\core\apps\GarageApp.cpp">
      <Filter>source\core\apps</Filter>
    </ClCompile>
    <ClCompile Include="source\core\apps\PhoneCallApp.cpp">
      <Filter>source\core\apps</Filter>
    </ClCompile>
    <ClCompile Include="source\sandbox\providers\SandboxGarageProvider.cpp">
      <Filter>source\sandbox\providers</Filter>
    </ClCompile>
    <ClCompile Include="source\core\providers\WeatherCommon.cpp">
      <Filter>source\core\providers</Filter>
    </ClCompile>
    <ClCompile Include="vendor\imgui\imgui.cpp">
      <Filter>vendor\imgui</Filter>
    </ClCompile>
    <ClCompile Include="vendor\imgui\imgui_demo.cpp">
      <Filter>vendor\imgui</Filter>
    </ClCompile>
    <ClCompile Include="vendor\imgui\imgui_draw.cpp">
      <Filter>vendor\imgui</Filter>
    </ClCompile>
    <ClCompile Include="vendor\imgui\imgui_tables.cpp">
      <Filter>vendor\imgui</Filter>
    </ClCompile>
    <ClCompile Include="vendor\imgui\imgui_widgets.cpp">
      <Filter>vendor\imgui</Filter>
    </ClCompile>
    <ClCompile Include="vendor\imgui\backends\imgui_impl_dx9.cpp">
      <Filter>vendor\imgui\backends</Filter>
    </ClCompile>
    <ClCompile Include="vendor\imgui\backends\imgui_impl_win32.cpp">
      <Filter>vendor\imgui\backends</Filter>
    </ClCompile>
    <ClCompile Include="source\core\apps\MessagesApp.cpp" />
    <ClCompile Include="source\core\apps\MapsApp.cpp" />
    <ClCompile Include="source\core\apps\ProfileApp.cpp" />
    <ClCompile Include="source\core\apps\BusinessApp.cpp">
      <Filter>source\core\apps</Filter>
    </ClCompile>
    <ClCompile Include="source\core\apps\StoreApp.cpp">
      <Filter>source\core\apps</Filter>
    </ClCompile>
    <ClCompile Include="source\core\LocalizationManager.cpp">
      <Filter>source\core</Filter>
    </ClCompile>
  </ItemGroup>

  <ItemGroup>
    <ClInclude Include="source\core\providers\IClockProvider.h">
      <Filter>source\core\providers</Filter>
    </ClInclude>
    <ClInclude Include="source\core\providers\IWeatherProvider.h">
      <Filter>source\core\providers</Filter>
    </ClInclude>
    <ClInclude Include="source\core\providers\IScreenProvider.h">
      <Filter>source\core\providers</Filter>
    </ClInclude>
    <ClInclude Include="source\core\providers\IStorageProvider.h">
      <Filter>source\core\providers</Filter>
    </ClInclude>
    <ClInclude Include="source\core\providers\WeatherCommon.h">
      <Filter>source\core\providers</Filter>
    </ClInclude>
    <ClInclude Include="source\sandbox\providers\SandboxClockProvider.h">
      <Filter>source\sandbox\providers</Filter>
    </ClInclude>
    <ClInclude Include="source\sandbox\providers\SandboxWeatherProvider.h">
      <Filter>source\sandbox\providers</Filter>
    </ClInclude>
    <ClInclude Include="source\sandbox\providers\SandboxScreenProvider.h">
      <Filter>source\sandbox\providers</Filter>
    </ClInclude>
    <ClInclude Include="source\sandbox\providers\SandboxStorageProvider.h">
      <Filter>source\sandbox\providers</Filter>
    </ClInclude>
    <ClInclude Include="source\core\Phone.h">
      <Filter>source\core</Filter>
    </ClInclude>
    <ClInclude Include="source\core\ServiceContainer.h">
      <Filter>source\core</Filter>
    </ClInclude>
    <ClInclude Include="source\core\PhoneStorage.h">
      <Filter>source\core</Filter>
    </ClInclude>
    <ClInclude Include="source\core\PhoneApp.h">
      <Filter>source\core</Filter>
    </ClInclude>
    <ClInclude Include="source\core\apps\NotesApp.h">
      <Filter>source\core\apps</Filter>
    </ClInclude>
    <ClInclude Include="source\core\apps\SettingsApp.h">
      <Filter>source\core\apps</Filter>
    </ClInclude>
    <ClInclude Include="source\core\apps\WeatherApp.h">
      <Filter>source\core\apps</Filter>
    </ClInclude>
    <ClInclude Include="source\core\apps\CalculatorApp.h">
      <Filter>source\core\apps</Filter>
    </ClInclude>
    <ClInclude Include="source\core\apps\PlaceholderApps.h">
      <Filter>source\core\apps</Filter>
    </ClInclude>
    <ClInclude Include="source\core\apps\ClockApp.h">
      <Filter>source\core\apps</Filter>
    </ClInclude>
    <ClInclude Include="source\core\apps\GarageApp.h">
      <Filter>source\core\apps</Filter>
    </ClInclude>
    <ClInclude Include="source\core\apps\PhoneCallApp.h">
      <Filter>source\core\apps</Filter>
    </ClInclude>
    <ClInclude Include="source\core\providers\IGarageProvider.h">
      <Filter>source\core\providers</Filter>
    </ClInclude>
    <ClInclude Include="source\core\providers\IAvatarProvider.h">
      <Filter>source\core\providers</Filter>
    </ClInclude>
    <ClInclude Include="source\core\providers\IWallpaperProvider.h">
      <Filter>source\core\providers</Filter>
    </ClInclude>
    <ClInclude Include="source\core\providers\IPhoneCallProvider.h">
      <Filter>source\core\providers</Filter>
    </ClInclude>
    <ClInclude Include="source\sandbox\providers\SandboxGarageProvider.h">
      <Filter>source\sandbox\providers</Filter>
    </ClInclude>
    <ClInclude Include="source\sandbox\providers\SandboxPhoneCallProvider.h">
      <Filter>source\sandbox\providers</Filter>
    </ClInclude>
    <ClInclude Include="source\sandbox\providers\SandboxAvatarProvider.h">
      <Filter>source\sandbox\providers</Filter>
    </ClInclude>
    <ClInclude Include="source\sandbox\providers\SandboxWallpaperProvider.h">
      <Filter>source\sandbox\providers</Filter>
    </ClInclude>
    <ClInclude Include="vendor\fontawesome\IconsFontAwesome5.h">
      <Filter>vendor\fontawesome</Filter>
    </ClInclude>
    <ClInclude Include="source\core\resources\resource.h">
      <Filter>source\core\resources</Filter>
    </ClInclude>
    <ClInclude Include="source\core\apps\MessagesApp.h" />
    <ClInclude Include="source\core\providers\IMessageProvider.h" />
    <ClInclude Include="source\sandbox\providers\SandboxMessageProvider.h" />
    <ClInclude Include="source\core\apps\MapsApp.h" />
    <ClInclude Include="source\core\providers\IMapProvider.h" />
    <ClInclude Include="source\sandbox\providers\SandboxMapProvider.h" />
    <ClInclude Include="source\core\providers\IStatsProvider.h" />
    <ClInclude Include="source\sandbox\providers\SandboxStatsProvider.h" />
    <ClInclude Include="source\core\apps\ProfileApp.h" />
    <ClInclude Include="source\core\apps\BusinessApp.h">
      <Filter>source\core\apps</Filter>
    </ClInclude>
    <ClInclude Include="source\core\apps\StoreApp.h">
      <Filter>source\core\apps</Filter>
    </ClInclude>
    <ClInclude Include="source\core\providers\IBusinessProvider.h">
      <Filter>source\core\providers</Filter>
    </ClInclude>
    <ClInclude Include="source\sandbox\providers\SandboxBusinessProvider.h">
      <Filter>source\sandbox\providers</Filter>
    </ClInclude>
    <ClInclude Include="source\core\LocalizationManager.h">
      <Filter>source\core</Filter>
    </ClInclude>
  </ItemGroup>

  <ItemGroup>
    <ResourceCompile Include="source\core\resources\resources.rc">
      <Filter>source\core\resources</Filter>
    </ResourceCompile>
  </ItemGroup>
  <ItemGroup>
    <None Include="vendor\fontawesome\fa-solid-900.ttf">
      <Filter>vendor\fontawesome</Filter>
    </None>
    <None Include="vendor\imgui\misc\fonts\Roboto-Medium.ttf">
      <Filter>vendor\imgui</Filter>
    </None>
    <None Include="assets\avatar\profile.png">
      <Filter>assets\avatar</Filter>
    </None>
    <None Include="assets\wallpaper\wallpaper_cesar.jpg">
      <Filter>assets\wallpaper</Filter>
    </None>
    <None Include="assets\wallpaper\wallpaper_cj.jpg">
      <Filter>assets\wallpaper</Filter>
    </None>
    <None Include="assets\wallpaper\wallpaper_cover.jpg">
      <Filter>assets\wallpaper</Filter>
    </None>
    <None Include="assets\wallpaper\wallpaper_do-job.jpeg">
      <Filter>assets\wallpaper</Filter>
    </None>
    <None Include="assets\wallpaper\wallpaper_grove_member.jpg">
      <Filter>assets\wallpaper</Filter>
    </None>
  </ItemGroup>
</Project>