<?xml version="1.0" encoding="utf-8"?>
<Project xmlns="http://schemas.microsoft.com/developer/msbuild/2003" ToolsVersion="4.0">
  <ItemGroup>
    <Filter Include="source">
      <UniqueIdentifier>{AC239DED-9FE9-4C4C-8DE1-B65B441B553B}</UniqueIdentifier>
    </Filter>
    <Filter Include="source\core">
      <UniqueIdentifier>{92524F53-3B2A-4E7D-AC88-BEB1AD1848F3}</UniqueIdentifier>
    </Filter>
    <Filter Include="source\core\apps">
      <UniqueIdentifier>{D4C45BD9-D81D-4173-A4C8-619E98ABA1AE}</UniqueIdentifier>
    </Filter>
    <Filter Include="source\core\providers">
      <UniqueIdentifier>{E48F4DEF-C5EA-4FF3-A2DC-94F54AF1927D}</UniqueIdentifier>
    </Filter>
    <Filter Include="source\core\resources">
      <UniqueIdentifier>{596CAD39-137B-41FC-B2A7-640D8E96C9A8}</UniqueIdentifier>
    </Filter>
    <Filter Include="source\gta">
      <UniqueIdentifier>{56CD2BA4-1CB6-407A-B674-38DE6D727183}</UniqueIdentifier>
    </Filter>
    <Filter Include="source\gta\providers">
      <UniqueIdentifier>{A4209237-6AEA-47A4-AAAF-DD59535479D4}</UniqueIdentifier>
    </Filter>
    <Filter Include="vendor">
      <UniqueIdentifier>{826F63EE-21C2-401E-A6C7-FC966C44D66E}</UniqueIdentifier>
    </Filter>
    <Filter Include="vendor\imgui">
      <UniqueIdentifier>{1F1D4A2D-A973-4159-997A-AD603F0B6F14}</UniqueIdentifier>
    </Filter>
    <Filter Include="vendor\imgui\backends">
      <UniqueIdentifier>{5AD79655-A3ED-4161-8D1E-74C8FDB56282}</UniqueIdentifier>
    </Filter>
    <Filter Include="vendor\minhook">
      <UniqueIdentifier>{87BB0445-E25D-4346-9997-7A904CFFF9E6}</UniqueIdentifier>
    </Filter>
    <Filter Include="vendor\minhook\src">
      <UniqueIdentifier>{E0F3A613-9CB9-4F76-AE47-3A2CB5ED08DE}</UniqueIdentifier>
    </Filter>
    <Filter Include="vendor\minhook\src\hde">
      <UniqueIdentifier>{D95AFE10-0494-4659-B1AD-8D130538F477}</UniqueIdentifier>
    </Filter>
    <Filter Include="vendor\fontawesome">
      <UniqueIdentifier>{AB4C6E9F-F9F6-4C51-8446-1B99648AC008}</UniqueIdentifier>
    </Filter>
    <Filter Include="assets">
      <UniqueIdentifier>{f2c7a6de-9fa2-4f3e-93d4-69f32a3ece85}</UniqueIdentifier>
    </Filter>
    <Filter Include="assets\wallpaper">
      <UniqueIdentifier>{674a27b6-2ca9-4d47-be61-5fd64ce6322d}</UniqueIdentifier>
    </Filter>
    <Filter Include="assets\avatars">
      <UniqueIdentifier>{73ea07cb-38b9-4d60-94d6-794804ba3a48}</UniqueIdentifier>
    </Filter>
  </ItemGroup>
  <ItemGroup>
    <ClCompile Include="source\gta\Main.cpp">
      <Filter>source\gta</Filter>
    </ClCompile>
    <ClCompile Include="source\core\Phone.cpp">
      <Filter>source\core</Filter>
    </ClCompile>
    <ClCompile Include="source\core\stb_image.cpp">
      <Filter>source\core</Filter>
    </ClCompile>
    <ClCompile Include="source\core\PhoneStorage.cpp">
      <Filter>source\core</Filter>
    </ClCompile>
    <ClCompile Include="source\core\apps\CalculatorApp.cpp">
      <Filter>source\core\apps</Filter>
    </ClCompile>
    <ClCompile Include="source\core\apps\ClockApp.cpp">
      <Filter>source\core\apps</Filter>
    </ClCompile>
    <ClCompile Include="source\core\apps\WeatherApp.cpp">
      <Filter>source\core\apps</Filter>
    </ClCompile>
    <ClCompile Include="source\core\apps\NotesApp.cpp">
      <Filter>source\core\apps</Filter>
    </ClCompile>
    <ClCompile Include="source\core\providers\WeatherCommon.cpp">
      <Filter>source\core\providers</Filter>
    </ClCompile>
    <ClCompile Include="source\core\apps\SettingsApp.cpp">
      <Filter>source\core\apps</Filter>
    </ClCompile>
    <ClCompile Include="source\core\apps\GarageApp.cpp">
      <Filter>source\core\apps</Filter>
    </ClCompile>
    <ClCompile Include="source\core\apps\PhoneCallApp.cpp">
      <Filter>source\core\apps</Filter>
    </ClCompile>
    <ClCompile Include="source\gta\providers\GtaGarageProvider.cpp">
      <Filter>source\gta\providers</Filter>
    </ClCompile>
    <ClCompile Include="vendor\imgui\imgui.cpp">
      <Filter>vendor\imgui</Filter>
    </ClCompile>
    <ClCompile Include="vendor\imgui\imgui_demo.cpp">
      <Filter>vendor\imgui</Filter>
    </ClCompile>
    <ClCompile Include="vendor\imgui\imgui_draw.cpp">
      <Filter>vendor\imgui</Filter>
    </ClCompile>
    <ClCompile Include="vendor\imgui\imgui_tables.cpp">
      <Filter>vendor\imgui</Filter>
    </ClCompile>
    <ClCompile Include="vendor\imgui\imgui_widgets.cpp">
      <Filter>vendor\imgui</Filter>
    </ClCompile>
    <ClCompile Include="vendor\imgui\backends\imgui_impl_dx9.cpp">
      <Filter>vendor\imgui\backends</Filter>
    </ClCompile>
    <ClCompile Include="vendor\imgui\backends\imgui_impl_win32.cpp">
      <Filter>vendor\imgui\backends</Filter>
    </ClCompile>
    <ClCompile Include="vendor\minhook\src\buffer.c">
      <Filter>vendor\minhook\src</Filter>
    </ClCompile>
    <ClCompile Include="vendor\minhook\src\hook.c">
      <Filter>vendor\minhook\src</Filter>
    </ClCompile>
    <ClCompile Include="vendor\minhook\src\trampoline.c">
      <Filter>vendor\minhook\src</Filter>
    </ClCompile>
    <ClCompile Include="vendor\minhook\src\hde\hde32.c">
      <Filter>vendor\minhook\src\hde</Filter>
    </ClCompile>
    <ClCompile Include="source\core\apps\MessagesApp.cpp" />
    <ClCompile Include="source\core\apps\MapsApp.cpp" />
    <ClCompile Include="source\core\apps\ProfileApp.cpp" />
    <ClCompile Include="source\core\apps\EmpresasApp.cpp">
      <Filter>source\core\apps</Filter>
    </ClCompile>
    <ClCompile Include="source\gta\providers\GtaMapProvider.cpp">
      <Filter>source\gta\providers</Filter>
    </ClCompile>
    <ClCompile Include="source\core\LocalizationManager.cpp">
      <Filter>source\core</Filter>
    </ClCompile>
  </ItemGroup>
  <ItemGroup>
    <ClInclude Include="source\core\providers\IClockProvider.h">
      <Filter>source\core\providers</Filter>
    </ClInclude>
    <ClInclude Include="source\core\providers\IWeatherProvider.h">
      <Filter>source\core\providers</Filter>
    </ClInclude>
    <ClInclude Include="source\core\providers\IScreenProvider.h">
      <Filter>source\core\providers</Filter>
    </ClInclude>
    <ClInclude Include="source\core\providers\IStorageProvider.h">
      <Filter>source\core\providers</Filter>
    </ClInclude>
    <ClInclude Include="source\core\providers\WeatherCommon.h">
      <Filter>source\core\providers</Filter>
    </ClInclude>
    <ClInclude Include="source\gta\providers\GtaClockProvider.h">
      <Filter>source\gta\providers</Filter>
    </ClInclude>
    <ClInclude Include="source\gta\providers\GtaWeatherProvider.h">
      <Filter>source\gta\providers</Filter>
    </ClInclude>
    <ClInclude Include="source\gta\providers\GtaScreenProvider.h">
      <Filter>source\gta\providers</Filter>
    </ClInclude>
    <ClInclude Include="source\gta\providers\GtaStorageProvider.h">
      <Filter>source\gta\providers</Filter>
    </ClInclude>
    <ClInclude Include="source\core\Phone.h">
      <Filter>source\core</Filter>
    </ClInclude>
    <ClInclude Include="source\core\ServiceContainer.h">
      <Filter>source\core</Filter>
    </ClInclude>
    <ClInclude Include="source\core\PhoneStorage.h">
      <Filter>source\core</Filter>
    </ClInclude>
    <ClInclude Include="source\core\PhoneApp.h">
      <Filter>source\core</Filter>
    </ClInclude>
    <ClInclude Include="source\core\apps\NotesApp.h">
      <Filter>source\core\apps</Filter>
    </ClInclude>
    <ClInclude Include="source\core\apps\WeatherApp.h">
      <Filter>source\core\apps</Filter>
    </ClInclude>
    <ClInclude Include="source\core\apps\SettingsApp.h">
      <Filter>source\core\apps</Filter>
    </ClInclude>
    <ClInclude Include="source\core\apps\CalculatorApp.h">
      <Filter>source\core\apps</Filter>
    </ClInclude>
    <ClInclude Include="source\core\apps\PlaceholderApps.h">
      <Filter>source\core\apps</Filter>
    </ClInclude>
    <ClInclude Include="source\core\apps\ClockApp.h">
      <Filter>source\core\apps</Filter>
    </ClInclude>
    <ClInclude Include="source\core\apps\GarageApp.h">
      <Filter>source\core\apps</Filter>
    </ClInclude>
    <ClInclude Include="source\core\apps\PhoneCallApp.h">
      <Filter>source\core\apps</Filter>
    </ClInclude>
    <ClInclude Include="source\core\providers\IGarageProvider.h">
      <Filter>source\core\providers</Filter>
    </ClInclude>
    <ClInclude Include="source\core\providers\IAvatarProvider.h">
      <Filter>source\core\providers</Filter>
    </ClInclude>
    <ClInclude Include="source\core\providers\IWallpaperProvider.h">
      <Filter>source\core\providers</Filter>
    </ClInclude>
    <ClInclude Include="source\core\providers\IPhoneCallProvider.h">
      <Filter>source\core\providers</Filter>
    </ClInclude>
    <ClInclude Include="source\gta\providers\GtaGarageProvider.h">
      <Filter>source\gta\providers</Filter>
    </ClInclude>
    <ClInclude Include="source\gta\providers\GtaPhoneCallProvider.h">
      <Filter>source\gta\providers</Filter>
    </ClInclude>
    <ClInclude Include="source\gta\providers\GtaAvatarProvider.h">
      <Filter>source\gta\providers</Filter>
    </ClInclude>
    <ClInclude Include="source\gta\providers\GtaWallpaperProvider.h">
      <Filter>source\gta\providers</Filter>
    </ClInclude>
    <ClInclude Include="vendor\fontawesome\IconsFontAwesome5.h">
      <Filter>vendor\fontawesome</Filter>
    </ClInclude>
    <ClInclude Include="source\core\resources\resource.h">
      <Filter>source\core\resources</Filter>
    </ClInclude>
    <ClInclude Include="source\core\apps\MessagesApp.h" />
    <ClInclude Include="source\core\providers\IMessageProvider.h" />
    <ClInclude Include="source\core\apps\MapsApp.h" />
    <ClInclude Include="source\core\providers\IMapProvider.h" />
    <ClInclude Include="source\core\providers\IStatsProvider.h" />
    <ClInclude Include="source\core\apps\ProfileApp.h" />
    <ClInclude Include="source\core\apps\EmpresasApp.h">
      <Filter>source\core\apps</Filter>
    </ClInclude>
    <ClInclude Include="source\core\providers\IBusinessProvider.h">
      <Filter>source\core\providers</Filter>
    </ClInclude>
    <ClInclude Include="source\gta\providers\GtaBusinessProvider.h">
      <Filter>source\gta\providers</Filter>
    </ClInclude>
    <ClInclude Include="source\gta\providers\GtaMapProvider.h">

      <Filter>source\gta\providers</Filter>
    </ClInclude>
    <ClInclude Include="source\gta\providers\GtaMessageProvider.h">
      <Filter>source\gta\providers</Filter>
    </ClInclude>
    <ClInclude Include="source\gta\providers\GtaStatsProvider.h">
      <Filter>source\gta\providers</Filter>
    </ClInclude>
    <ClInclude Include="source\core\LocalizationManager.h">
      <Filter>source\core</Filter>
    </ClInclude>
  </ItemGroup>
  <ItemGroup>
    <ResourceCompile Include="source\core\resources\resources.rc">
      <Filter>source\core\resources</Filter>
    </ResourceCompile>
  </ItemGroup>
  <ItemGroup>
    <None Include="vendor\fontawesome\fa-solid-900.ttf">
      <Filter>vendor\fontawesome</Filter>
    </None>
    <None Include="vendor\imgui\misc\fonts\Roboto-Medium.ttf">
      <Filter>vendor\imgui</Filter>
    </None>
    <None Include="assets\avatar\profile.png">
      <Filter>assets\avatars</Filter>
    </None>
    <None Include="assets\wallpaper\wallpaper_cesar.jpg">
      <Filter>assets\wallpaper</Filter>
    </None>
    <None Include="assets\wallpaper\wallpaper_cj.jpg">
      <Filter>assets\wallpaper</Filter>
    </None>
    <None Include="assets\wallpaper\wallpaper_cover.jpg">
      <Filter>assets\wallpaper</Filter>
    </None>
    <None Include="assets\wallpaper\wallpaper_do-job.jpeg">
      <Filter>assets\wallpaper</Filter>
    </None>
    <None Include="assets\wallpaper\wallpaper_grove_member.jpg">
      <Filter>assets\wallpaper</Filter>
    </None>
  </ItemGroup>
  <ItemGroup>
    <ResourceCompile Include="source\core\resources\resources.rc" />
  </ItemGroup>
</Project>