<?xml version="1.0" encoding="utf-8"?>
<Project ToolsVersion="4.0" xmlns="http://schemas.microsoft.com/developer/msbuild/2003">
  <ItemGroup>
    <Filter Include="source">
      <UniqueIdentifier>{4FC737F1-C7A5-4376-A066-2A32D752A2FF}</UniqueIdentifier>
      <Extensions>cpp;c;cc;cxx;c++;cppm;ixx;def;odl;idl;hpj;bat;asm;asmx</Extensions>
    </Filter>
    <Filter Include="source\apps">
      <UniqueIdentifier>{8A2B3C4D-5E6F-7G8H-9I0J-1K2L3M4N5O6P}</UniqueIdentifier>
    </Filter>
  </ItemGroup>
  <ItemGroup>
    <ClCompile Include="source\SandboxMain.cpp">
      <Filter>source</Filter>
    </ClCompile>
    <ClCompile Include="source\Phone.cpp">
      <Filter>source</Filter>
    </ClCompile>
  </ItemGroup>
  <ItemGroup>
    <ClInclude Include="source\Phone.h">
      <Filter>source</Filter>
    </ClInclude>
    <ClInclude Include="source\PhoneApp.h">
      <Filter>source</Filter>
    </ClInclude>
    <ClInclude Include="source\apps\NotesApp.h">
      <Filter>source\apps</Filter>
    </ClInclude>
    <ClInclude Include="source\apps\PlaceholderApps.h">
      <Filter>source\apps</Filter>
    </ClInclude>
  </ItemGroup>
</Project>
